# Code generated by scarb DO NOT EDIT.
version = 1

[[package]]
name = "openzeppelin"
version = "0.8.0-beta.0"
source = "git+https://github.com/OpenZeppelin/cairo-contracts?tag=v0.8.0-beta.0#4c95981a7178e43730f152c85a92336dc6a22d62"

[[package]]
name = "snforge_std"
version = "0.1.0"
source = "git+https://github.com/foundry-rs/starknet-foundry.git?tag=v0.6.0#edd2e3562975ee3de69c0fe7b8af01414d2761c1"

[[package]]
name = "starkswap_contracts"
version = "0.1.0"
dependencies = [
 "openzeppelin",
 "snforge_std",
]
